
Microsoft Visual Studio Solution File, Format Version 12.00
# Visual Studio Version 16
VisualStudioVersion = 16.0.31025.194
MinimumVisualStudioVersion = 10.0.40219.1
Project("{9A19103F-16F7-4668-BE54-9A1E7A4F7556}") = "Calculadora", "Exercicios\Calculadora.csproj", "{350DEE8C-ACA0-44F1-9172-56671BC865A2}"
EndProject
Project("{9A19103F-16F7-4668-BE54-9A1E7A4F7556}") = "ImparPar", "ImparPar\ImparPar.csproj", "{617C294B-0FEE-47FE-B7D8-F46DD6DA009A}"
EndProject
Project("{9A19103F-16F7-4668-BE54-9A1E7A4F7556}") = "ExibeUsuarioNaTela", "ExibeUsuarioNaTela\ExibeUsuarioNaTela.csproj", "{94FF0540-C52D-4828-8844-2E80A96D2EB9}"
EndProject
Project("{9A19103F-16F7-4668-BE54-9A1E7A4F7556}") = "Triangulos", "Triangulos\Triangulos.csproj", "{90A27A83-3653-404E-A9CF-6A796ABA261A}"
EndProject
Project("{9A19103F-16F7-4668-BE54-9A1E7A4F7556}") = "LoginEstoque", "LoginEstoque\LoginEstoque.csproj", "{03B1B156-BCEA-4824-8A79-9EF3A5EBB9D2}"
EndProject
Project("{FAE04EC0-301F-11D3-BF4B-00C04F79EFBC}") = "AnoBissexto", "AnoBissexto\AnoBissexto.csproj", "{B4C24041-61A8-4661-B6EB-C56D83D8E26C}"
EndProject
Global
	GlobalSection(SolutionConfigurationPlatforms) = preSolution
		Debug|Any CPU = Debug|Any CPU
		Release|Any CPU = Release|Any CPU
	EndGlobalSection
	GlobalSection(ProjectConfigurationPlatforms) = postSolution
		{350DEE8C-ACA0-44F1-9172-56671BC865A2}.Debug|Any CPU.ActiveCfg = Debug|Any CPU
		{350DEE8C-ACA0-44F1-9172-56671BC865A2}.Debug|Any CPU.Build.0 = Debug|Any CPU
		{350DEE8C-ACA0-44F1-9172-56671BC865A2}.Release|Any CPU.ActiveCfg = Release|Any CPU
		{350DEE8C-ACA0-44F1-9172-56671BC865A2}.Release|Any CPU.Build.0 = Release|Any CPU
		{617C294B-0FEE-47FE-B7D8-F46DD6DA009A}.Debug|Any CPU.ActiveCfg = Debug|Any CPU
		{617C294B-0FEE-47FE-B7D8-F46DD6DA009A}.Debug|Any CPU.Build.0 = Debug|Any CPU
		{617C294B-0FEE-47FE-B7D8-F46DD6DA009A}.Release|Any CPU.ActiveCfg = Release|Any CPU
		{617C294B-0FEE-47FE-B7D8-F46DD6DA009A}.Release|Any CPU.Build.0 = Release|Any CPU
		{94FF0540-C52D-4828-8844-2E80A96D2EB9}.Debug|Any CPU.ActiveCfg = Debug|Any CPU
		{94FF0540-C52D-4828-8844-2E80A96D2EB9}.Debug|Any CPU.Build.0 = Debug|Any CPU
		{94FF0540-C52D-4828-8844-2E80A96D2EB9}.Release|Any CPU.ActiveCfg = Release|Any CPU
		{94FF0540-C52D-4828-8844-2E80A96D2EB9}.Release|Any CPU.Build.0 = Release|Any CPU
		{90A27A83-3653-404E-A9CF-6A796ABA261A}.Debug|Any CPU.ActiveCfg = Debug|Any CPU
		{90A27A83-3653-404E-A9CF-6A796ABA261A}.Debug|Any CPU.Build.0 = Debug|Any CPU
		{90A27A83-3653-404E-A9CF-6A796ABA261A}.Release|Any CPU.ActiveCfg = Release|Any CPU
		{90A27A83-3653-404E-A9CF-6A796ABA261A}.Release|Any CPU.Build.0 = Release|Any CPU
		{03B1B156-BCEA-4824-8A79-9EF3A5EBB9D2}.Debug|Any CPU.ActiveCfg = Debug|Any CPU
		{03B1B156-BCEA-4824-8A79-9EF3A5EBB9D2}.Debug|Any CPU.Build.0 = Debug|Any CPU
		{03B1B156-BCEA-4824-8A79-9EF3A5EBB9D2}.Release|Any CPU.ActiveCfg = Release|Any CPU
		{03B1B156-BCEA-4824-8A79-9EF3A5EBB9D2}.Release|Any CPU.Build.0 = Release|Any CPU
		{B4C24041-61A8-4661-B6EB-C56D83D8E26C}.Debug|Any CPU.ActiveCfg = Debug|Any CPU
		{B4C24041-61A8-4661-B6EB-C56D83D8E26C}.Debug|Any CPU.Build.0 = Debug|Any CPU
		{B4C24041-61A8-4661-B6EB-C56D83D8E26C}.Release|Any CPU.ActiveCfg = Release|Any CPU
		{B4C24041-61A8-4661-B6EB-C56D83D8E26C}.Release|Any CPU.Build.0 = Release|Any CPU
	EndGlobalSection
	GlobalSection(SolutionProperties) = preSolution
		HideSolutionNode = FALSE
	EndGlobalSection
	GlobalSection(ExtensibilityGlobals) = postSolution
		SolutionGuid = {A17830CC-85D3-484F-84C7-47FCDAE0AAC6}
	EndGlobalSection
EndGlobal
